// !$*UTF8*$!
{
	archiveVersion = 1;
	classes = {
	};
	objectVersion = 46;
	objects = {

/* Begin PBXBuildFile section */
		9B0318DC22A0C4B10089D6D6 /* FirstLook.m in Sources */ = {isa = PBXBuildFile; fileRef = 9B0318DB22A0C4B10089D6D6 /* FirstLook.m */; };
		9B0318E822A6200D0089D6D6 /* RDog.m in Sources */ = {isa = PBXBuildFile; fileRef = 9B0318E022A6200C0089D6D6 /* RDog.m */; };
		9B0318E922A6200D0089D6D6 /* RuntimeIn.m in Sources */ = {isa = PBXBuildFile; fileRef = 9B0318E422A6200D0089D6D6 /* RuntimeIn.m */; };
		9B0318EA22A6200D0089D6D6 /* RDogErHa.m in Sources */ = {isa = PBXBuildFile; fileRef = 9B0318E522A6200D0089D6D6 /* RDogErHa.m */; };
		9B0318EB22A6200D0089D6D6 /* RPerson.m in Sources */ = {isa = PBXBuildFile; fileRef = 9B0318E722A6200D0089D6D6 /* RPerson.m */; };
		9B0DD3481EADA72D005A37D6 /* NSSessionDownLoad.m in Sources */ = {isa = PBXBuildFile; fileRef = 9B0DD3471EADA72D005A37D6 /* NSSessionDownLoad.m */; };
		9B0DD35C1EB06B02005A37D6 /* ObjToLocal.m in Sources */ = {isa = PBXBuildFile; fileRef = 9B0DD35B1EB06B02005A37D6 /* ObjToLocal.m */; };
		9B2E8FE122C0B48F006B871A /* useBlock.m in Sources */ = {isa = PBXBuildFile; fileRef = 9B2E8FE022C0B48F006B871A /* useBlock.m */; };
		9B2E8FE622C0B4A9006B871A /* runloopQueue.m in Sources */ = {isa = PBXBuildFile; fileRef = 9B2E8FE322C0B4A9006B871A /* runloopQueue.m */; };
		9B2E8FE722C0B4A9006B871A /* runloopCheck.m in Sources */ = {isa = PBXBuildFile; fileRef = 9B2E8FE522C0B4A9006B871A /* runloopCheck.m */; };
		9B2E8FEA22C0B4C4006B871A /* String.m in Sources */ = {isa = PBXBuildFile; fileRef = 9B2E8FE822C0B4C4006B871A /* String.m */; };
		9B2E8FED22C0B528006B871A /* GCDInto.m in Sources */ = {isa = PBXBuildFile; fileRef = 9B2E8FEB22C0B528006B871A /* GCDInto.m */; };
		9B2E8FF522C0B6A8006B871A /* BitOperation.m in Sources */ = {isa = PBXBuildFile; fileRef = 9B2E8FF422C0B6A8006B871A /* BitOperation.m */; };
		9B2E900722C35E7E006B871A /* Array.m in Sources */ = {isa = PBXBuildFile; fileRef = 9B2E900622C35E7E006B871A /* Array.m */; };
		9B353EE12277F462002BAF0B /* fishhook.c in Sources */ = {isa = PBXBuildFile; fileRef = 9B353EDF2277F461002BAF0B /* fishhook.c */; };
		9B41AA7621B12028007050CE /* PriorityQueue.m in Sources */ = {isa = PBXBuildFile; fileRef = 9B41AA7521B12028007050CE /* PriorityQueue.m */; };
		9B41AA8021B51AF4007050CE /* StaticLinkedList.m in Sources */ = {isa = PBXBuildFile; fileRef = 9B41AA7F21B51AF4007050CE /* StaticLinkedList.m */; };
		9B4C43691E5044DE003087D3 /* main.m in Sources */ = {isa = PBXBuildFile; fileRef = 9B4C43681E5044DE003087D3 /* main.m */; };
		9B4C436C1E5044DE003087D3 /* AppDelegate.m in Sources */ = {isa = PBXBuildFile; fileRef = 9B4C436B1E5044DE003087D3 /* AppDelegate.m */; };
		9B4C436F1E5044DE003087D3 /* ViewController.m in Sources */ = {isa = PBXBuildFile; fileRef = 9B4C436E1E5044DE003087D3 /* ViewController.m */; };
		9B4C43721E5044DE003087D3 /* Main.storyboard in Resources */ = {isa = PBXBuildFile; fileRef = 9B4C43701E5044DE003087D3 /* Main.storyboard */; };
		9B4C43741E5044DE003087D3 /* Assets.xcassets in Resources */ = {isa = PBXBuildFile; fileRef = 9B4C43731E5044DE003087D3 /* Assets.xcassets */; };
		9B4C43771E5044DE003087D3 /* LaunchScreen.storyboard in Resources */ = {isa = PBXBuildFile; fileRef = 9B4C43751E5044DE003087D3 /* LaunchScreen.storyboard */; };
		9B4C43AE1E509651003087D3 /* Lock_NSLock.m in Sources */ = {isa = PBXBuildFile; fileRef = 9B4C43AD1E509651003087D3 /* Lock_NSLock.m */; };
		9B4FB2BF1E55AEB600EB99D8 /* CallModel_CallBack.m in Sources */ = {isa = PBXBuildFile; fileRef = 9B4FB2BE1E55AEB600EB99D8 /* CallModel_CallBack.m */; };
		9B4FB2CD1E5EAD2100EB99D8 /* JavaScriptCore.framework in Frameworks */ = {isa = PBXBuildFile; fileRef = 9B4FB2CC1E5EAD2000EB99D8 /* JavaScriptCore.framework */; };
		9B5B5AD5212154FC001A2C8E /* bitArray.m in Sources */ = {isa = PBXBuildFile; fileRef = 9B5B5AD4212154FC001A2C8E /* bitArray.m */; };
		9B6E7CE720E0937C00B7B94D /* Aggregate.m in Sources */ = {isa = PBXBuildFile; fileRef = 9B6E7CE620E0937B00B7B94D /* Aggregate.m */; };
		9B7CD942214901E70044CC4B /* AggregateFour.m in Sources */ = {isa = PBXBuildFile; fileRef = 9B7CD941214901E60044CC4B /* AggregateFour.m */; };
		9B8A9F9322F91DFC00E51D63 /* Heap.m in Sources */ = {isa = PBXBuildFile; fileRef = 9B8A9F9222F91DFC00E51D63 /* Heap.m */; };
		9B8A9F9622FD19E500E51D63 /* stringSearch.m in Sources */ = {isa = PBXBuildFile; fileRef = 9B8A9F9522FD19E500E51D63 /* stringSearch.m */; };
		9B8E334722C9A49300EC62CD /* Link.m in Sources */ = {isa = PBXBuildFile; fileRef = 9B8E334622C9A49300EC62CD /* Link.m */; };
		9B8E334A22CB02C800EC62CD /* stack.m in Sources */ = {isa = PBXBuildFile; fileRef = 9B8E334922CB02C800EC62CD /* stack.m */; };
		9B8E336822CB41BB00EC62CD /* queue.m in Sources */ = {isa = PBXBuildFile; fileRef = 9B8E336722CB41BB00EC62CD /* queue.m */; };
		9B8E336B22CB59F700EC62CD /* Sort.m in Sources */ = {isa = PBXBuildFile; fileRef = 9B8E336A22CB59F700EC62CD /* Sort.m */; };
		9B8E336E22CB5AED00EC62CD /* recursion.m in Sources */ = {isa = PBXBuildFile; fileRef = 9B8E336D22CB5AED00EC62CD /* recursion.m */; };
		9B8E337122CDE78000EC62CD /* BinarySearch.m in Sources */ = {isa = PBXBuildFile; fileRef = 9B8E337022CDE78000EC62CD /* BinarySearch.m */; };
		9B8E337422CF495C00EC62CD /* SkipList.m in Sources */ = {isa = PBXBuildFile; fileRef = 9B8E337322CF495C00EC62CD /* SkipList.m */; };
		9B8E338F22D7288900EC62CD /* HashMap.m in Sources */ = {isa = PBXBuildFile; fileRef = 9B8E338E22D7288900EC62CD /* HashMap.m */; };
		9B8E339222DC24AC00EC62CD /* BinarySearchTree.m in Sources */ = {isa = PBXBuildFile; fileRef = 9B8E339122DC24AC00EC62CD /* BinarySearchTree.m */; };
		9B8E339622E0548C00EC62CD /* RedBlackTree.m in Sources */ = {isa = PBXBuildFile; fileRef = 9B8E339522E0548B00EC62CD /* RedBlackTree.m */; };
		9B9E2A361E8E07FB002AEE2D /* Lock_dispatch_semaphore.m in Sources */ = {isa = PBXBuildFile; fileRef = 9B9E2A271E8E07FB002AEE2D /* Lock_dispatch_semaphore.m */; };
		9B9E2A371E8E07FB002AEE2D /* Lock_NSCondition.m in Sources */ = {isa = PBXBuildFile; fileRef = 9B9E2A291E8E07FB002AEE2D /* Lock_NSCondition.m */; };
		9B9E2A381E8E07FB002AEE2D /* Lock_NSConditionLock.m in Sources */ = {isa = PBXBuildFile; fileRef = 9B9E2A2B1E8E07FB002AEE2D /* Lock_NSConditionLock.m */; };
		9B9E2A391E8E07FB002AEE2D /* Lock_NSRecursiveLock.m in Sources */ = {isa = PBXBuildFile; fileRef = 9B9E2A2D1E8E07FB002AEE2D /* Lock_NSRecursiveLock.m */; };
		9B9E2A3A1E8E07FB002AEE2D /* Lock_OSSpinLock.m in Sources */ = {isa = PBXBuildFile; fileRef = 9B9E2A2F1E8E07FB002AEE2D /* Lock_OSSpinLock.m */; };
		9B9E2A3B1E8E07FB002AEE2D /* Lock_pthread_mutex_recursive.m in Sources */ = {isa = PBXBuildFile; fileRef = 9B9E2A311E8E07FB002AEE2D /* Lock_pthread_mutex_recursive.m */; };
		9B9E2A3C1E8E07FB002AEE2D /* Lock_pthread_mutex.m in Sources */ = {isa = PBXBuildFile; fileRef = 9B9E2A331E8E07FB002AEE2D /* Lock_pthread_mutex.m */; };
		9B9E2A3D1E8E07FB002AEE2D /* Lock_synchronized.m in Sources */ = {isa = PBXBuildFile; fileRef = 9B9E2A351E8E07FB002AEE2D /* Lock_synchronized.m */; };
		9B9E2A681E8E2317002AEE2D /* sort.m in Sources */ = {isa = PBXBuildFile; fileRef = 9B9E2A671E8E2317002AEE2D /* sort.m */; };
		9BD6361C1EDEB8CE00E7C788 /* JsonToNull.m in Sources */ = {isa = PBXBuildFile; fileRef = 9BD6361B1EDEB8CE00E7C788 /* JsonToNull.m */; };
		9BF9FA231E727FAE000A380D /* DrawCircular.m in Sources */ = {isa = PBXBuildFile; fileRef = 9BF9FA221E727FAE000A380D /* DrawCircular.m */; };
/* End PBXBuildFile section */

/* Begin PBXFileReference section */
		9B0318DA22A0C4B10089D6D6 /* FirstLook.h */ = {isa = PBXFileReference; lastKnownFileType = sourcecode.c.h; name = FirstLook.h; path = Algorithm/July/FirstLook.h; sourceTree = "<group>"; };
		9B0318DB22A0C4B10089D6D6 /* FirstLook.m */ = {isa = PBXFileReference; lastKnownFileType = sourcecode.c.objc; name = FirstLook.m; path = Algorithm/July/FirstLook.m; sourceTree = "<group>"; };
		9B0318E022A6200C0089D6D6 /* RDog.m */ = {isa = PBXFileReference; fileEncoding = 4; lastKnownFileType = sourcecode.c.objc; name = RDog.m; path = TZXY/Runtime/RDog.m; sourceTree = "<group>"; };
		9B0318E122A6200C0089D6D6 /* RDogErHa.h */ = {isa = PBXFileReference; fileEncoding = 4; lastKnownFileType = sourcecode.c.h; name = RDogErHa.h; path = TZXY/Runtime/RDogErHa.h; sourceTree = "<group>"; };
		9B0318E222A6200C0089D6D6 /* RuntimeIn.h */ = {isa = PBXFileReference; fileEncoding = 4; lastKnownFileType = sourcecode.c.h; name = RuntimeIn.h; path = TZXY/Runtime/RuntimeIn.h; sourceTree = "<group>"; };
		9B0318E322A6200D0089D6D6 /* RDog.h */ = {isa = PBXFileReference; fileEncoding = 4; lastKnownFileType = sourcecode.c.h; name = RDog.h; path = TZXY/Runtime/RDog.h; sourceTree = "<group>"; };
		9B0318E422A6200D0089D6D6 /* RuntimeIn.m */ = {isa = PBXFileReference; fileEncoding = 4; lastKnownFileType = sourcecode.c.objc; name = RuntimeIn.m; path = TZXY/Runtime/RuntimeIn.m; sourceTree = "<group>"; };
		9B0318E522A6200D0089D6D6 /* RDogErHa.m */ = {isa = PBXFileReference; fileEncoding = 4; lastKnownFileType = sourcecode.c.objc; name = RDogErHa.m; path = TZXY/Runtime/RDogErHa.m; sourceTree = "<group>"; };
		9B0318E622A6200D0089D6D6 /* RPerson.h */ = {isa = PBXFileReference; fileEncoding = 4; lastKnownFileType = sourcecode.c.h; name = RPerson.h; path = TZXY/Runtime/RPerson.h; sourceTree = "<group>"; };
		9B0318E722A6200D0089D6D6 /* RPerson.m */ = {isa = PBXFileReference; fileEncoding = 4; lastKnownFileType = sourcecode.c.objc; name = RPerson.m; path = TZXY/Runtime/RPerson.m; sourceTree = "<group>"; };
		9B0DD3461EADA72D005A37D6 /* NSSessionDownLoad.h */ = {isa = PBXFileReference; fileEncoding = 4; lastKnownFileType = sourcecode.c.h; name = NSSessionDownLoad.h; path = NetWork/NSSessionDownLoad.h; sourceTree = "<group>"; };
		9B0DD3471EADA72D005A37D6 /* NSSessionDownLoad.m */ = {isa = PBXFileReference; fileEncoding = 4; lastKnownFileType = sourcecode.c.objc; name = NSSessionDownLoad.m; path = NetWork/NSSessionDownLoad.m; sourceTree = "<group>"; };
		9B0DD35A1EB06B02005A37D6 /* ObjToLocal.h */ = {isa = PBXFileReference; fileEncoding = 4; lastKnownFileType = sourcecode.c.h; name = ObjToLocal.h; path = Storage/ObjToLocal.h; sourceTree = "<group>"; };
		9B0DD35B1EB06B02005A37D6 /* ObjToLocal.m */ = {isa = PBXFileReference; fileEncoding = 4; lastKnownFileType = sourcecode.c.objc; name = ObjToLocal.m; path = Storage/ObjToLocal.m; sourceTree = "<group>"; };
		9B2E8FDF22C0B48F006B871A /* useBlock.h */ = {isa = PBXFileReference; fileEncoding = 4; lastKnownFileType = sourcecode.c.h; name = useBlock.h; path = Block/useBlock.h; sourceTree = "<group>"; };
		9B2E8FE022C0B48F006B871A /* useBlock.m */ = {isa = PBXFileReference; fileEncoding = 4; lastKnownFileType = sourcecode.c.objc; name = useBlock.m; path = Block/useBlock.m; sourceTree = "<group>"; };
		9B2E8FE222C0B4A9006B871A /* runloopCheck.h */ = {isa = PBXFileReference; fileEncoding = 4; lastKnownFileType = sourcecode.c.h; name = runloopCheck.h; path = runloop/runloopCheck.h; sourceTree = "<group>"; };
		9B2E8FE322C0B4A9006B871A /* runloopQueue.m */ = {isa = PBXFileReference; fileEncoding = 4; lastKnownFileType = sourcecode.c.objc; name = runloopQueue.m; path = runloop/runloopQueue.m; sourceTree = "<group>"; };
		9B2E8FE422C0B4A9006B871A /* runloopQueue.h */ = {isa = PBXFileReference; fileEncoding = 4; lastKnownFileType = sourcecode.c.h; name = runloopQueue.h; path = runloop/runloopQueue.h; sourceTree = "<group>"; };
		9B2E8FE522C0B4A9006B871A /* runloopCheck.m */ = {isa = PBXFileReference; fileEncoding = 4; lastKnownFileType = sourcecode.c.objc; name = runloopCheck.m; path = runloop/runloopCheck.m; sourceTree = "<group>"; };
		9B2E8FE822C0B4C4006B871A /* String.m */ = {isa = PBXFileReference; fileEncoding = 4; lastKnownFileType = sourcecode.c.objc; name = String.m; path = Algorithm/July/String.m; sourceTree = "<group>"; };
		9B2E8FE922C0B4C4006B871A /* String.h */ = {isa = PBXFileReference; fileEncoding = 4; lastKnownFileType = sourcecode.c.h; name = String.h; path = Algorithm/July/String.h; sourceTree = "<group>"; };
		9B2E8FEB22C0B528006B871A /* GCDInto.m */ = {isa = PBXFileReference; fileEncoding = 4; lastKnownFileType = sourcecode.c.objc; name = GCDInto.m; path = TZXY/GCD/GCDInto.m; sourceTree = "<group>"; };
		9B2E8FEC22C0B528006B871A /* GCDInto.h */ = {isa = PBXFileReference; fileEncoding = 4; lastKnownFileType = sourcecode.c.h; name = GCDInto.h; path = TZXY/GCD/GCDInto.h; sourceTree = "<group>"; };
		9B2E8FF322C0B6A8006B871A /* BitOperation.h */ = {isa = PBXFileReference; lastKnownFileType = sourcecode.c.h; name = BitOperation.h; path = BitOperation/BitOperation.h; sourceTree = "<group>"; };
		9B2E8FF422C0B6A8006B871A /* BitOperation.m */ = {isa = PBXFileReference; lastKnownFileType = sourcecode.c.objc; name = BitOperation.m; path = BitOperation/BitOperation.m; sourceTree = "<group>"; };
		9B2E900522C35E7E006B871A /* Array.h */ = {isa = PBXFileReference; lastKnownFileType = sourcecode.c.h; name = Array.h; path = Algorithm/July/Array.h; sourceTree = "<group>"; };
		9B2E900622C35E7E006B871A /* Array.m */ = {isa = PBXFileReference; lastKnownFileType = sourcecode.c.objc; name = Array.m; path = Algorithm/July/Array.m; sourceTree = "<group>"; };
		9B353EDF2277F461002BAF0B /* fishhook.c */ = {isa = PBXFileReference; fileEncoding = 4; lastKnownFileType = sourcecode.c.c; name = fishhook.c; path = FishHook/fishhook.c; sourceTree = "<group>"; };
		9B353EE02277F462002BAF0B /* fishhook.h */ = {isa = PBXFileReference; fileEncoding = 4; lastKnownFileType = sourcecode.c.h; name = fishhook.h; path = FishHook/fishhook.h; sourceTree = "<group>"; };
		9B41AA7421B12028007050CE /* PriorityQueue.h */ = {isa = PBXFileReference; lastKnownFileType = sourcecode.c.h; name = PriorityQueue.h; path = Algorithm/PriorityQueue.h; sourceTree = "<group>"; };
		9B41AA7521B12028007050CE /* PriorityQueue.m */ = {isa = PBXFileReference; lastKnownFileType = sourcecode.c.objc; name = PriorityQueue.m; path = Algorithm/PriorityQueue.m; sourceTree = "<group>"; };
		9B41AA7E21B51AF3007050CE /* StaticLinkedList.h */ = {isa = PBXFileReference; fileEncoding = 4; lastKnownFileType = sourcecode.c.h; name = StaticLinkedList.h; path = DataStructureKnowledge/LinearList/LinkedList/StaticLinkedList.h; sourceTree = "<group>"; };
		9B41AA7F21B51AF4007050CE /* StaticLinkedList.m */ = {isa = PBXFileReference; fileEncoding = 4; lastKnownFileType = sourcecode.c.objc; name = StaticLinkedList.m; path = DataStructureKnowledge/LinearList/LinkedList/StaticLinkedList.m; sourceTree = "<group>"; };
		9B4C43641E5044DE003087D3 /* Blog.app */ = {isa = PBXFileReference; explicitFileType = wrapper.application; includeInIndex = 0; path = Blog.app; sourceTree = BUILT_PRODUCTS_DIR; };
		9B4C43681E5044DE003087D3 /* main.m */ = {isa = PBXFileReference; lastKnownFileType = sourcecode.c.objc; path = main.m; sourceTree = "<group>"; };
		9B4C436A1E5044DE003087D3 /* AppDelegate.h */ = {isa = PBXFileReference; lastKnownFileType = sourcecode.c.h; path = AppDelegate.h; sourceTree = "<group>"; };
		9B4C436B1E5044DE003087D3 /* AppDelegate.m */ = {isa = PBXFileReference; lastKnownFileType = sourcecode.c.objc; path = AppDelegate.m; sourceTree = "<group>"; };
		9B4C436D1E5044DE003087D3 /* ViewController.h */ = {isa = PBXFileReference; lastKnownFileType = sourcecode.c.h; path = ViewController.h; sourceTree = "<group>"; };
		9B4C436E1E5044DE003087D3 /* ViewController.m */ = {isa = PBXFileReference; lastKnownFileType = sourcecode.c.objc; path = ViewController.m; sourceTree = "<group>"; };
		9B4C43711E5044DE003087D3 /* Base */ = {isa = PBXFileReference; lastKnownFileType = file.storyboard; name = Base; path = Base.lproj/Main.storyboard; sourceTree = "<group>"; };
		9B4C43731E5044DE003087D3 /* Assets.xcassets */ = {isa = PBXFileReference; lastKnownFileType = folder.assetcatalog; path = Assets.xcassets; sourceTree = "<group>"; };
		9B4C43761E5044DE003087D3 /* Base */ = {isa = PBXFileReference; lastKnownFileType = file.storyboard; name = Base; path = Base.lproj/LaunchScreen.storyboard; sourceTree = "<group>"; };
		9B4C43781E5044DE003087D3 /* Info.plist */ = {isa = PBXFileReference; lastKnownFileType = text.plist.xml; path = Info.plist; sourceTree = "<group>"; };
		9B4C43AC1E509651003087D3 /* Lock_NSLock.h */ = {isa = PBXFileReference; fileEncoding = 4; lastKnownFileType = sourcecode.c.h; name = Lock_NSLock.h; path = Lock/Lock_NSLock.h; sourceTree = "<group>"; };
		9B4C43AD1E509651003087D3 /* Lock_NSLock.m */ = {isa = PBXFileReference; fileEncoding = 4; lastKnownFileType = sourcecode.c.objc; name = Lock_NSLock.m; path = Lock/Lock_NSLock.m; sourceTree = "<group>"; };
		9B4FB2BD1E55AEB600EB99D8 /* CallModel_CallBack.h */ = {isa = PBXFileReference; fileEncoding = 4; lastKnownFileType = sourcecode.c.h; name = CallModel_CallBack.h; path = FuncCallModel/CallModel_CallBack.h; sourceTree = "<group>"; };
		9B4FB2BE1E55AEB600EB99D8 /* CallModel_CallBack.m */ = {isa = PBXFileReference; fileEncoding = 4; lastKnownFileType = sourcecode.c.objc; name = CallModel_CallBack.m; path = FuncCallModel/CallModel_CallBack.m; sourceTree = "<group>"; };
		9B4FB2CC1E5EAD2000EB99D8 /* JavaScriptCore.framework */ = {isa = PBXFileReference; lastKnownFileType = wrapper.framework; name = JavaScriptCore.framework; path = System/Library/Frameworks/JavaScriptCore.framework; sourceTree = SDKROOT; };
		9B5B5AD3212154FC001A2C8E /* bitArray.h */ = {isa = PBXFileReference; fileEncoding = 4; lastKnownFileType = sourcecode.c.h; name = bitArray.h; path = Algorithm/bitArray.h; sourceTree = "<group>"; };
		9B5B5AD4212154FC001A2C8E /* bitArray.m */ = {isa = PBXFileReference; fileEncoding = 4; lastKnownFileType = sourcecode.c.objc; name = bitArray.m; path = Algorithm/bitArray.m; sourceTree = "<group>"; };
		9B6E7CE520E0937B00B7B94D /* Aggregate.h */ = {isa = PBXFileReference; lastKnownFileType = sourcecode.c.h; name = Aggregate.h; path = Algorithm/Aggregate.h; sourceTree = "<group>"; };
		9B6E7CE620E0937B00B7B94D /* Aggregate.m */ = {isa = PBXFileReference; lastKnownFileType = sourcecode.c.objc; name = Aggregate.m; path = Algorithm/Aggregate.m; sourceTree = "<group>"; };
		9B7CD940214901E60044CC4B /* AggregateFour.h */ = {isa = PBXFileReference; lastKnownFileType = sourcecode.c.h; name = AggregateFour.h; path = Algorithm/AggregateFour.h; sourceTree = "<group>"; };
		9B7CD941214901E60044CC4B /* AggregateFour.m */ = {isa = PBXFileReference; lastKnownFileType = sourcecode.c.objc; name = AggregateFour.m; path = Algorithm/AggregateFour.m; sourceTree = "<group>"; };
		9B8A9F9122F91DFC00E51D63 /* Heap.h */ = {isa = PBXFileReference; lastKnownFileType = sourcecode.c.h; path = Heap.h; sourceTree = "<group>"; };
		9B8A9F9222F91DFC00E51D63 /* Heap.m */ = {isa = PBXFileReference; lastKnownFileType = sourcecode.c.objc; path = Heap.m; sourceTree = "<group>"; };
		9B8A9F9422FD19E500E51D63 /* stringSearch.h */ = {isa = PBXFileReference; lastKnownFileType = sourcecode.c.h; name = stringSearch.h; path = Geek/BeautyOfAlgorithmsAndDataStructures/stringSearch.h; sourceTree = "<group>"; };
		9B8A9F9522FD19E500E51D63 /* stringSearch.m */ = {isa = PBXFileReference; lastKnownFileType = sourcecode.c.objc; name = stringSearch.m; path = Geek/BeautyOfAlgorithmsAndDataStructures/stringSearch.m; sourceTree = "<group>"; };
		9B8E334522C9A49200EC62CD /* Link.h */ = {isa = PBXFileReference; lastKnownFileType = sourcecode.c.h; name = Link.h; path = Geek/BeautyOfAlgorithmsAndDataStructures/Link.h; sourceTree = "<group>"; };
		9B8E334622C9A49300EC62CD /* Link.m */ = {isa = PBXFileReference; lastKnownFileType = sourcecode.c.objc; name = Link.m; path = Geek/BeautyOfAlgorithmsAndDataStructures/Link.m; sourceTree = "<group>"; };
		9B8E334822CB02C800EC62CD /* stack.h */ = {isa = PBXFileReference; lastKnownFileType = sourcecode.c.h; name = stack.h; path = Geek/BeautyOfAlgorithmsAndDataStructures/stack.h; sourceTree = "<group>"; };
		9B8E334922CB02C800EC62CD /* stack.m */ = {isa = PBXFileReference; lastKnownFileType = sourcecode.c.objc; name = stack.m; path = Geek/BeautyOfAlgorithmsAndDataStructures/stack.m; sourceTree = "<group>"; };
		9B8E336622CB41BB00EC62CD /* queue.h */ = {isa = PBXFileReference; fileEncoding = 4; lastKnownFileType = sourcecode.c.h; name = queue.h; path = Geek/BeautyOfAlgorithmsAndDataStructures/queue.h; sourceTree = "<group>"; };
		9B8E336722CB41BB00EC62CD /* queue.m */ = {isa = PBXFileReference; fileEncoding = 4; lastKnownFileType = sourcecode.c.objc; name = queue.m; path = Geek/BeautyOfAlgorithmsAndDataStructures/queue.m; sourceTree = "<group>"; };
		9B8E336922CB59F700EC62CD /* Sort.h */ = {isa = PBXFileReference; lastKnownFileType = sourcecode.c.h; name = Sort.h; path = Geek/BeautyOfAlgorithmsAndDataStructures/Sort.h; sourceTree = "<group>"; };
		9B8E336A22CB59F700EC62CD /* Sort.m */ = {isa = PBXFileReference; lastKnownFileType = sourcecode.c.objc; name = Sort.m; path = Geek/BeautyOfAlgorithmsAndDataStructures/Sort.m; sourceTree = "<group>"; };
		9B8E336C22CB5AED00EC62CD /* recursion.h */ = {isa = PBXFileReference; lastKnownFileType = sourcecode.c.h; name = recursion.h; path = Geek/BeautyOfAlgorithmsAndDataStructures/recursion.h; sourceTree = "<group>"; };
		9B8E336D22CB5AED00EC62CD /* recursion.m */ = {isa = PBXFileReference; lastKnownFileType = sourcecode.c.objc; name = recursion.m; path = Geek/BeautyOfAlgorithmsAndDataStructures/recursion.m; sourceTree = "<group>"; };
		9B8E336F22CDE78000EC62CD /* BinarySearch.h */ = {isa = PBXFileReference; lastKnownFileType = sourcecode.c.h; name = BinarySearch.h; path = Geek/BeautyOfAlgorithmsAndDataStructures/BinarySearch.h; sourceTree = "<group>"; };
		9B8E337022CDE78000EC62CD /* BinarySearch.m */ = {isa = PBXFileReference; lastKnownFileType = sourcecode.c.objc; name = BinarySearch.m; path = Geek/BeautyOfAlgorithmsAndDataStructures/BinarySearch.m; sourceTree = "<group>"; };
		9B8E337222CF495C00EC62CD /* SkipList.h */ = {isa = PBXFileReference; lastKnownFileType = sourcecode.c.h; name = SkipList.h; path = Geek/BeautyOfAlgorithmsAndDataStructures/SkipList.h; sourceTree = "<group>"; };
		9B8E337322CF495C00EC62CD /* SkipList.m */ = {isa = PBXFileReference; lastKnownFileType = sourcecode.c.objc; name = SkipList.m; path = Geek/BeautyOfAlgorithmsAndDataStructures/SkipList.m; sourceTree = "<group>"; };
		9B8E338D22D7288900EC62CD /* HashMap.h */ = {isa = PBXFileReference; lastKnownFileType = sourcecode.c.h; name = HashMap.h; path = Geek/BeautyOfAlgorithmsAndDataStructures/HashMap.h; sourceTree = "<group>"; };
		9B8E338E22D7288900EC62CD /* HashMap.m */ = {isa = PBXFileReference; lastKnownFileType = sourcecode.c.objc; name = HashMap.m; path = Geek/BeautyOfAlgorithmsAndDataStructures/HashMap.m; sourceTree = "<group>"; };
		9B8E339022DC24AC00EC62CD /* BinarySearchTree.h */ = {isa = PBXFileReference; lastKnownFileType = sourcecode.c.h; name = BinarySearchTree.h; path = Geek/BeautyOfAlgorithmsAndDataStructures/BinarySearchTree.h; sourceTree = "<group>"; };
		9B8E339122DC24AC00EC62CD /* BinarySearchTree.m */ = {isa = PBXFileReference; lastKnownFileType = sourcecode.c.objc; name = BinarySearchTree.m; path = Geek/BeautyOfAlgorithmsAndDataStructures/BinarySearchTree.m; sourceTree = "<group>"; };
		9B8E339422E0548B00EC62CD /* RedBlackTree.h */ = {isa = PBXFileReference; lastKnownFileType = sourcecode.c.h; name = RedBlackTree.h; path = Geek/BeautyOfAlgorithmsAndDataStructures/RedBlackTree.h; sourceTree = "<group>"; };
		9B8E339522E0548B00EC62CD /* RedBlackTree.m */ = {isa = PBXFileReference; lastKnownFileType = sourcecode.c.objc; name = RedBlackTree.m; path = Geek/BeautyOfAlgorithmsAndDataStructures/RedBlackTree.m; sourceTree = "<group>"; };
		9B9E2A261E8E07FB002AEE2D /* Lock_dispatch_semaphore.h */ = {isa = PBXFileReference; fileEncoding = 4; lastKnownFileType = sourcecode.c.h; name = Lock_dispatch_semaphore.h; path = Lock/Lock_dispatch_semaphore.h; sourceTree = "<group>"; };
		9B9E2A271E8E07FB002AEE2D /* Lock_dispatch_semaphore.m */ = {isa = PBXFileReference; fileEncoding = 4; lastKnownFileType = sourcecode.c.objc; name = Lock_dispatch_semaphore.m; path = Lock/Lock_dispatch_semaphore.m; sourceTree = "<group>"; };
		9B9E2A281E8E07FB002AEE2D /* Lock_NSCondition.h */ = {isa = PBXFileReference; fileEncoding = 4; lastKnownFileType = sourcecode.c.h; name = Lock_NSCondition.h; path = Lock/Lock_NSCondition.h; sourceTree = "<group>"; };
		9B9E2A291E8E07FB002AEE2D /* Lock_NSCondition.m */ = {isa = PBXFileReference; fileEncoding = 4; lastKnownFileType = sourcecode.c.objc; name = Lock_NSCondition.m; path = Lock/Lock_NSCondition.m; sourceTree = "<group>"; };
		9B9E2A2A1E8E07FB002AEE2D /* Lock_NSConditionLock.h */ = {isa = PBXFileReference; fileEncoding = 4; lastKnownFileType = sourcecode.c.h; name = Lock_NSConditionLock.h; path = Lock/Lock_NSConditionLock.h; sourceTree = "<group>"; };
		9B9E2A2B1E8E07FB002AEE2D /* Lock_NSConditionLock.m */ = {isa = PBXFileReference; fileEncoding = 4; lastKnownFileType = sourcecode.c.objc; name = Lock_NSConditionLock.m; path = Lock/Lock_NSConditionLock.m; sourceTree = "<group>"; };
		9B9E2A2C1E8E07FB002AEE2D /* Lock_NSRecursiveLock.h */ = {isa = PBXFileReference; fileEncoding = 4; lastKnownFileType = sourcecode.c.h; name = Lock_NSRecursiveLock.h; path = Lock/Lock_NSRecursiveLock.h; sourceTree = "<group>"; };
		9B9E2A2D1E8E07FB002AEE2D /* Lock_NSRecursiveLock.m */ = {isa = PBXFileReference; fileEncoding = 4; lastKnownFileType = sourcecode.c.objc; name = Lock_NSRecursiveLock.m; path = Lock/Lock_NSRecursiveLock.m; sourceTree = "<group>"; };
		9B9E2A2E1E8E07FB002AEE2D /* Lock_OSSpinLock.h */ = {isa = PBXFileReference; fileEncoding = 4; lastKnownFileType = sourcecode.c.h; name = Lock_OSSpinLock.h; path = Lock/Lock_OSSpinLock.h; sourceTree = "<group>"; };
		9B9E2A2F1E8E07FB002AEE2D /* Lock_OSSpinLock.m */ = {isa = PBXFileReference; fileEncoding = 4; lastKnownFileType = sourcecode.c.objc; name = Lock_OSSpinLock.m; path = Lock/Lock_OSSpinLock.m; sourceTree = "<group>"; };
		9B9E2A301E8E07FB002AEE2D /* Lock_pthread_mutex_recursive.h */ = {isa = PBXFileReference; fileEncoding = 4; lastKnownFileType = sourcecode.c.h; name = Lock_pthread_mutex_recursive.h; path = Lock/Lock_pthread_mutex_recursive.h; sourceTree = "<group>"; };
		9B9E2A311E8E07FB002AEE2D /* Lock_pthread_mutex_recursive.m */ = {isa = PBXFileReference; fileEncoding = 4; lastKnownFileType = sourcecode.c.objc; name = Lock_pthread_mutex_recursive.m; path = Lock/Lock_pthread_mutex_recursive.m; sourceTree = "<group>"; };
		9B9E2A321E8E07FB002AEE2D /* Lock_pthread_mutex.h */ = {isa = PBXFileReference; fileEncoding = 4; lastKnownFileType = sourcecode.c.h; name = Lock_pthread_mutex.h; path = Lock/Lock_pthread_mutex.h; sourceTree = "<group>"; };
		9B9E2A331E8E07FB002AEE2D /* Lock_pthread_mutex.m */ = {isa = PBXFileReference; fileEncoding = 4; lastKnownFileType = sourcecode.c.objc; name = Lock_pthread_mutex.m; path = Lock/Lock_pthread_mutex.m; sourceTree = "<group>"; };
		9B9E2A341E8E07FB002AEE2D /* Lock_synchronized.h */ = {isa = PBXFileReference; fileEncoding = 4; lastKnownFileType = sourcecode.c.h; name = Lock_synchronized.h; path = Lock/Lock_synchronized.h; sourceTree = "<group>"; };
		9B9E2A351E8E07FB002AEE2D /* Lock_synchronized.m */ = {isa = PBXFileReference; fileEncoding = 4; lastKnownFileType = sourcecode.c.objc; name = Lock_synchronized.m; path = Lock/Lock_synchronized.m; sourceTree = "<group>"; };
		9B9E2A661E8E2317002AEE2D /* sort.h */ = {isa = PBXFileReference; fileEncoding = 4; lastKnownFileType = sourcecode.c.h; name = sort.h; path = Algorithm/sort.h; sourceTree = "<group>"; };
		9B9E2A671E8E2317002AEE2D /* sort.m */ = {isa = PBXFileReference; fileEncoding = 4; lastKnownFileType = sourcecode.c.objc; name = sort.m; path = Algorithm/sort.m; sourceTree = "<group>"; };
		9BD6361A1EDEB8CE00E7C788 /* JsonToNull.h */ = {isa = PBXFileReference; fileEncoding = 4; lastKnownFileType = sourcecode.c.h; name = JsonToNull.h; path = Json/JsonToNull.h; sourceTree = "<group>"; };
		9BD6361B1EDEB8CE00E7C788 /* JsonToNull.m */ = {isa = PBXFileReference; fileEncoding = 4; lastKnownFileType = sourcecode.c.objc; name = JsonToNull.m; path = Json/JsonToNull.m; sourceTree = "<group>"; };
		9BF9FA211E727FAE000A380D /* DrawCircular.h */ = {isa = PBXFileReference; fileEncoding = 4; lastKnownFileType = sourcecode.c.h; name = DrawCircular.h; path = Draw/DrawCircular.h; sourceTree = "<group>"; };
		9BF9FA221E727FAE000A380D /* DrawCircular.m */ = {isa = PBXFileReference; fileEncoding = 4; lastKnownFileType = sourcecode.c.objc; name = DrawCircular.m; path = Draw/DrawCircular.m; sourceTree = "<group>"; };
/* End PBXFileReference section */

/* Begin PBXFrameworksBuildPhase section */
		9B4C43611E5044DE003087D3 /* Frameworks */ = {
			isa = PBXFrameworksBuildPhase;
			buildActionMask = 2147483647;
			files = (
				9B4FB2CD1E5EAD2100EB99D8 /* JavaScriptCore.framework in Frameworks */,
			);
			runOnlyForDeploymentPostprocessing = 0;
		};
/* End PBXFrameworksBuildPhase section */

/* Begin PBXGroup section */
		9B0231FA20BA894000AA1B23 /* runloop */ = {
			isa = PBXGroup;
			children = (
				9B2E8FE222C0B4A9006B871A /* runloopCheck.h */,
				9B2E8FE522C0B4A9006B871A /* runloopCheck.m */,
				9B2E8FE422C0B4A9006B871A /* runloopQueue.h */,
				9B2E8FE322C0B4A9006B871A /* runloopQueue.m */,
			);
			name = runloop;
			sourceTree = "<group>";
		};
		9B0318D922A0C2EC0089D6D6 /* July */ = {
			isa = PBXGroup;
			children = (
				9B0318DA22A0C4B10089D6D6 /* FirstLook.h */,
				9B0318DB22A0C4B10089D6D6 /* FirstLook.m */,
				9B2E8FE922C0B4C4006B871A /* String.h */,
				9B2E8FE822C0B4C4006B871A /* String.m */,
				9B2E900522C35E7E006B871A /* Array.h */,
				9B2E900622C35E7E006B871A /* Array.m */,
			);
			name = July;
			sourceTree = "<group>";
		};
		9B03191622B390D30089D6D6 /* GCD */ = {
			isa = PBXGroup;
			children = (
				9B2E8FEC22C0B528006B871A /* GCDInto.h */,
				9B2E8FEB22C0B528006B871A /* GCDInto.m */,
			);
			name = GCD;
			sourceTree = "<group>";
		};
		9B03435C22951E7700D1EC88 /* TZXY */ = {
			isa = PBXGroup;
			children = (
				9B03191622B390D30089D6D6 /* GCD */,
				9B03435D22963FAB00D1EC88 /* Runtime */,
			);
			name = TZXY;
			sourceTree = "<group>";
		};
		9B03435D22963FAB00D1EC88 /* Runtime */ = {
			isa = PBXGroup;
			children = (
				9B0318E222A6200C0089D6D6 /* RuntimeIn.h */,
				9B0318E422A6200D0089D6D6 /* RuntimeIn.m */,
				9B0318E622A6200D0089D6D6 /* RPerson.h */,
				9B0318E722A6200D0089D6D6 /* RPerson.m */,
				9B0318E322A6200D0089D6D6 /* RDog.h */,
				9B0318E022A6200C0089D6D6 /* RDog.m */,
				9B0318E122A6200C0089D6D6 /* RDogErHa.h */,
				9B0318E522A6200D0089D6D6 /* RDogErHa.m */,
			);
			name = Runtime;
			sourceTree = "<group>";
		};
		9B0DD3421EADA649005A37D6 /* NetWork */ = {
			isa = PBXGroup;
			children = (
				9B0DD3461EADA72D005A37D6 /* NSSessionDownLoad.h */,
				9B0DD3471EADA72D005A37D6 /* NSSessionDownLoad.m */,
			);
			name = NetWork;
			sourceTree = "<group>";
		};
		9B0DD3491EB068D3005A37D6 /* Storage */ = {
			isa = PBXGroup;
			children = (
				9B0DD35A1EB06B02005A37D6 /* ObjToLocal.h */,
				9B0DD35B1EB06B02005A37D6 /* ObjToLocal.m */,
			);
			name = Storage;
			sourceTree = "<group>";
		};
		9B0DD3671EC0429D005A37D6 /* DesignPattern */ = {
			isa = PBXGroup;
			children = (
			);
			name = DesignPattern;
			sourceTree = "<group>";
		};
		9B2E8FDE22C0B184006B871A /* BitOperation */ = {
			isa = PBXGroup;
			children = (
				9B2E8FF322C0B6A8006B871A /* BitOperation.h */,
				9B2E8FF422C0B6A8006B871A /* BitOperation.m */,
			);
			name = BitOperation;
			sourceTree = "<group>";
		};
		9B2E900A22C5AD0B006B871A /* BeautyOfAlgorithmsAndDataStructures */ = {
			isa = PBXGroup;
			children = (
				9B8E334522C9A49200EC62CD /* Link.h */,
				9B8E334622C9A49300EC62CD /* Link.m */,
				9B8E334822CB02C800EC62CD /* stack.h */,
				9B8E334922CB02C800EC62CD /* stack.m */,
				9B8E336622CB41BB00EC62CD /* queue.h */,
				9B8E336722CB41BB00EC62CD /* queue.m */,
				9B8E336C22CB5AED00EC62CD /* recursion.h */,
				9B8E336D22CB5AED00EC62CD /* recursion.m */,
				9B8E336922CB59F700EC62CD /* Sort.h */,
				9B8E336A22CB59F700EC62CD /* Sort.m */,
				9B8E336F22CDE78000EC62CD /* BinarySearch.h */,
				9B8E337022CDE78000EC62CD /* BinarySearch.m */,
				9B8E337222CF495C00EC62CD /* SkipList.h */,
				9B8E337322CF495C00EC62CD /* SkipList.m */,
				9B8E338D22D7288900EC62CD /* HashMap.h */,
				9B8E338E22D7288900EC62CD /* HashMap.m */,
				9B8E339022DC24AC00EC62CD /* BinarySearchTree.h */,
				9B8E339122DC24AC00EC62CD /* BinarySearchTree.m */,
				9B8E339422E0548B00EC62CD /* RedBlackTree.h */,
				9B8E339522E0548B00EC62CD /* RedBlackTree.m */,
				9B8A9F9122F91DFC00E51D63 /* Heap.h */,
				9B8A9F9222F91DFC00E51D63 /* Heap.m */,
				9B8A9F9422FD19E500E51D63 /* stringSearch.h */,
				9B8A9F9522FD19E500E51D63 /* stringSearch.m */,
			);
			name = BeautyOfAlgorithmsAndDataStructures;
			path = ..;
			sourceTree = "<group>";
		};
		9B353EDE2277F3F8002BAF0B /* FishHook */ = {
			isa = PBXGroup;
			children = (
				9B353EE02277F462002BAF0B /* fishhook.h */,
				9B353EDF2277F461002BAF0B /* fishhook.c */,
			);
			name = FishHook;
			sourceTree = "<group>";
		};
		9B41AA7721B5068E007050CE /* DataStructureKnowledge */ = {
			isa = PBXGroup;
			children = (
				9B41AA7921B50E80007050CE /* LinearList */,
			);
			name = DataStructureKnowledge;
			sourceTree = "<group>";
		};
		9B41AA7921B50E80007050CE /* LinearList */ = {
			isa = PBXGroup;
			children = (
				9B41AA7A21B50F0F007050CE /* LinkedList */,
			);
			name = LinearList;
			sourceTree = "<group>";
		};
		9B41AA7A21B50F0F007050CE /* LinkedList */ = {
			isa = PBXGroup;
			children = (
				9B41AA7E21B51AF3007050CE /* StaticLinkedList.h */,
				9B41AA7F21B51AF4007050CE /* StaticLinkedList.m */,
			);
			name = LinkedList;
			sourceTree = "<group>";
		};
		9B4C435B1E5044DE003087D3 = {
			isa = PBXGroup;
			children = (
				9B4C43661E5044DE003087D3 /* Blog */,
				9B4C43651E5044DE003087D3 /* Products */,
				9B4FB2CB1E5EAD2000EB99D8 /* Frameworks */,
			);
			sourceTree = "<group>";
		};
		9B4C43651E5044DE003087D3 /* Products */ = {
			isa = PBXGroup;
			children = (
				9B4C43641E5044DE003087D3 /* Blog.app */,
			);
			name = Products;
			sourceTree = "<group>";
		};
		9B4C43661E5044DE003087D3 /* Blog */ = {
			isa = PBXGroup;
			children = (
				9B2E8FDE22C0B184006B871A /* BitOperation */,
				9B41AA7721B5068E007050CE /* DataStructureKnowledge */,
				9B03435C22951E7700D1EC88 /* TZXY */,
				9B353EDE2277F3F8002BAF0B /* FishHook */,
				9B7455DE22423B21002D0D9A /* Geek */,
				9BD636191EDEB84400E7C788 /* Json */,
				9B0DD3671EC0429D005A37D6 /* DesignPattern */,
				9B0DD3491EB068D3005A37D6 /* Storage */,
				9B0DD3421EADA649005A37D6 /* NetWork */,
				9B9E2A221E8E061B002AEE2D /* Algorithm */,
				9B4FB2CE1E657BCF00EB99D8 /* Draw */,
				9B4FB2C21E56B1BC00EB99D8 /* Block */,
				9B4FB2AD1E55A9F900EB99D8 /* FuncCallModel */,
				9B0231FA20BA894000AA1B23 /* runloop */,
				9B4C437E1E504599003087D3 /* Lock */,
				9B4C436A1E5044DE003087D3 /* AppDelegate.h */,
				9B4C436B1E5044DE003087D3 /* AppDelegate.m */,
				9B4C436D1E5044DE003087D3 /* ViewController.h */,
				9B4C436E1E5044DE003087D3 /* ViewController.m */,
				9B4C43701E5044DE003087D3 /* Main.storyboard */,
				9B4C43731E5044DE003087D3 /* Assets.xcassets */,
				9B4C43751E5044DE003087D3 /* LaunchScreen.storyboard */,
				9B4C43781E5044DE003087D3 /* Info.plist */,
				9B4C43681E5044DE003087D3 /* main.m */,
				9B4C43671E5044DE003087D3 /* Supporting Files */,
			);
			path = Blog;
			sourceTree = "<group>";
		};
		9B4C43671E5044DE003087D3 /* Supporting Files */ = {
			isa = PBXGroup;
			children = (
			);
			name = "Supporting Files";
			sourceTree = "<group>";
		};
		9B4C437E1E504599003087D3 /* Lock */ = {
			isa = PBXGroup;
			children = (
				9B9E2A261E8E07FB002AEE2D /* Lock_dispatch_semaphore.h */,
				9B9E2A271E8E07FB002AEE2D /* Lock_dispatch_semaphore.m */,
				9B9E2A281E8E07FB002AEE2D /* Lock_NSCondition.h */,
				9B9E2A291E8E07FB002AEE2D /* Lock_NSCondition.m */,
				9B9E2A2A1E8E07FB002AEE2D /* Lock_NSConditionLock.h */,
				9B9E2A2B1E8E07FB002AEE2D /* Lock_NSConditionLock.m */,
				9B9E2A2C1E8E07FB002AEE2D /* Lock_NSRecursiveLock.h */,
				9B9E2A2D1E8E07FB002AEE2D /* Lock_NSRecursiveLock.m */,
				9B9E2A2E1E8E07FB002AEE2D /* Lock_OSSpinLock.h */,
				9B9E2A2F1E8E07FB002AEE2D /* Lock_OSSpinLock.m */,
				9B9E2A301E8E07FB002AEE2D /* Lock_pthread_mutex_recursive.h */,
				9B9E2A311E8E07FB002AEE2D /* Lock_pthread_mutex_recursive.m */,
				9B9E2A321E8E07FB002AEE2D /* Lock_pthread_mutex.h */,
				9B9E2A331E8E07FB002AEE2D /* Lock_pthread_mutex.m */,
				9B9E2A341E8E07FB002AEE2D /* Lock_synchronized.h */,
				9B9E2A351E8E07FB002AEE2D /* Lock_synchronized.m */,
				9B4C43AC1E509651003087D3 /* Lock_NSLock.h */,
				9B4C43AD1E509651003087D3 /* Lock_NSLock.m */,
			);
			name = Lock;
			sourceTree = "<group>";
		};
		9B4FB2AD1E55A9F900EB99D8 /* FuncCallModel */ = {
			isa = PBXGroup;
			children = (
				9B4FB2BD1E55AEB600EB99D8 /* CallModel_CallBack.h */,
				9B4FB2BE1E55AEB600EB99D8 /* CallModel_CallBack.m */,
			);
			name = FuncCallModel;
			sourceTree = "<group>";
		};
		9B4FB2C21E56B1BC00EB99D8 /* Block */ = {
			isa = PBXGroup;
			children = (
				9B2E8FDF22C0B48F006B871A /* useBlock.h */,
				9B2E8FE022C0B48F006B871A /* useBlock.m */,
			);
			name = Block;
			sourceTree = "<group>";
		};
		9B4FB2CB1E5EAD2000EB99D8 /* Frameworks */ = {
			isa = PBXGroup;
			children = (
				9B4FB2CC1E5EAD2000EB99D8 /* JavaScriptCore.framework */,
			);
			name = Frameworks;
			sourceTree = "<group>";
		};
		9B4FB2CE1E657BCF00EB99D8 /* Draw */ = {
			isa = PBXGroup;
			children = (
				9BF9FA211E727FAE000A380D /* DrawCircular.h */,
				9BF9FA221E727FAE000A380D /* DrawCircular.m */,
			);
			name = Draw;
			sourceTree = "<group>";
		};
		9B7455DE22423B21002D0D9A /* Geek */ = {
			isa = PBXGroup;
			children = (
				9B2E900A22C5AD0B006B871A /* BeautyOfAlgorithmsAndDataStructures */,
			);
			path = Geek;
			sourceTree = "<group>";
		};
		9B9E2A221E8E061B002AEE2D /* Algorithm */ = {
			isa = PBXGroup;
			children = (
				9B0318D922A0C2EC0089D6D6 /* July */,
				9B5B5AD3212154FC001A2C8E /* bitArray.h */,
				9B5B5AD4212154FC001A2C8E /* bitArray.m */,
				9B9E2A661E8E2317002AEE2D /* sort.h */,
				9B9E2A671E8E2317002AEE2D /* sort.m */,
				9B6E7CE520E0937B00B7B94D /* Aggregate.h */,
				9B6E7CE620E0937B00B7B94D /* Aggregate.m */,
				9B7CD940214901E60044CC4B /* AggregateFour.h */,
				9B7CD941214901E60044CC4B /* AggregateFour.m */,
				9B41AA7421B12028007050CE /* PriorityQueue.h */,
				9B41AA7521B12028007050CE /* PriorityQueue.m */,
			);
			name = Algorithm;
			sourceTree = "<group>";
		};
		9BD636191EDEB84400E7C788 /* Json */ = {
			isa = PBXGroup;
			children = (
				9BD6361A1EDEB8CE00E7C788 /* JsonToNull.h */,
				9BD6361B1EDEB8CE00E7C788 /* JsonToNull.m */,
			);
			name = Json;
			sourceTree = "<group>";
		};
/* End PBXGroup section */

/* Begin PBXNativeTarget section */
		9B4C43631E5044DE003087D3 /* Blog */ = {
			isa = PBXNativeTarget;
			buildConfigurationList = 9B4C437B1E5044DE003087D3 /* Build configuration list for PBXNativeTarget "Blog" */;
			buildPhases = (
				9B4C43601E5044DE003087D3 /* Sources */,
				9B4C43611E5044DE003087D3 /* Frameworks */,
				9B4C43621E5044DE003087D3 /* Resources */,
			);
			buildRules = (
			);
			dependencies = (
			);
			name = Blog;
			productName = Blog;
			productReference = 9B4C43641E5044DE003087D3 /* Blog.app */;
			productType = "com.apple.product-type.application";
		};
/* End PBXNativeTarget section */

/* Begin PBXProject section */
		9B4C435C1E5044DE003087D3 /* Project object */ = {
			isa = PBXProject;
			attributes = {
				LastUpgradeCheck = 0800;
				ORGANIZATIONNAME = Mirinda;
				TargetAttributes = {
					9B4C43631E5044DE003087D3 = {
						CreatedOnToolsVersion = 8.0;
						DevelopmentTeam = Y77Y339G4T;
						ProvisioningStyle = Automatic;
					};
				};
			};
			buildConfigurationList = 9B4C435F1E5044DE003087D3 /* Build configuration list for PBXProject "Blog" */;
			compatibilityVersion = "Xcode 3.2";
			developmentRegion = English;
			hasScannedForEncodings = 0;
			knownRegions = (
				en,
				Base,
			);
			mainGroup = 9B4C435B1E5044DE003087D3;
			productRefGroup = 9B4C43651E5044DE003087D3 /* Products */;
			projectDirPath = "";
			projectRoot = "";
			targets = (
				9B4C43631E5044DE003087D3 /* Blog */,
			);
		};
/* End PBXProject section */

/* Begin PBXResourcesBuildPhase section */
		9B4C43621E5044DE003087D3 /* Resources */ = {
			isa = PBXResourcesBuildPhase;
			buildActionMask = 2147483647;
			files = (
				9B4C43771E5044DE003087D3 /* LaunchScreen.storyboard in Resources */,
				9B4C43741E5044DE003087D3 /* Assets.xcassets in Resources */,
				9B4C43721E5044DE003087D3 /* Main.storyboard in Resources */,
			);
			runOnlyForDeploymentPostprocessing = 0;
		};
/* End PBXResourcesBuildPhase section */

/* Begin PBXSourcesBuildPhase section */
		9B4C43601E5044DE003087D3 /* Sources */ = {
			isa = PBXSourcesBuildPhase;
			buildActionMask = 2147483647;
			files = (
				9B4C436F1E5044DE003087D3 /* ViewController.m in Sources */,
				9B9E2A3C1E8E07FB002AEE2D /* Lock_pthread_mutex.m in Sources */,
				9B4C436C1E5044DE003087D3 /* AppDelegate.m in Sources */,
				9B8E336E22CB5AED00EC62CD /* recursion.m in Sources */,
				9B0318E822A6200D0089D6D6 /* RDog.m in Sources */,
				9B9E2A3B1E8E07FB002AEE2D /* Lock_pthread_mutex_recursive.m in Sources */,
				9B4C43AE1E509651003087D3 /* Lock_NSLock.m in Sources */,
				9B8E339622E0548C00EC62CD /* RedBlackTree.m in Sources */,
				9B0318EA22A6200D0089D6D6 /* RDogErHa.m in Sources */,
				9B8E334722C9A49300EC62CD /* Link.m in Sources */,
				9B2E8FE622C0B4A9006B871A /* runloopQueue.m in Sources */,
				9B7CD942214901E70044CC4B /* AggregateFour.m in Sources */,
				9B2E8FEA22C0B4C4006B871A /* String.m in Sources */,
				9B8E337422CF495C00EC62CD /* SkipList.m in Sources */,
				9B8E339222DC24AC00EC62CD /* BinarySearchTree.m in Sources */,
				9B0318E922A6200D0089D6D6 /* RuntimeIn.m in Sources */,
				9B0DD35C1EB06B02005A37D6 /* ObjToLocal.m in Sources */,
				9B2E8FED22C0B528006B871A /* GCDInto.m in Sources */,
				9B9E2A681E8E2317002AEE2D /* sort.m in Sources */,
				9B9E2A391E8E07FB002AEE2D /* Lock_NSRecursiveLock.m in Sources */,
				9B0318EB22A6200D0089D6D6 /* RPerson.m in Sources */,
				9B41AA8021B51AF4007050CE /* StaticLinkedList.m in Sources */,
				9B8A9F9322F91DFC00E51D63 /* Heap.m in Sources */,
				9B9E2A361E8E07FB002AEE2D /* Lock_dispatch_semaphore.m in Sources */,
				9BD6361C1EDEB8CE00E7C788 /* JsonToNull.m in Sources */,
				9B353EE12277F462002BAF0B /* fishhook.c in Sources */,
				9B8E337122CDE78000EC62CD /* BinarySearch.m in Sources */,
				9B4C43691E5044DE003087D3 /* main.m in Sources */,
				9B41AA7621B12028007050CE /* PriorityQueue.m in Sources */,
				9B8E338F22D7288900EC62CD /* HashMap.m in Sources */,
				9B2E8FE722C0B4A9006B871A /* runloopCheck.m in Sources */,
				9B2E8FE122C0B48F006B871A /* useBlock.m in Sources */,
				9B8E336B22CB59F700EC62CD /* Sort.m in Sources */,
				9B9E2A3D1E8E07FB002AEE2D /* Lock_synchronized.m in Sources */,
				9B8E334A22CB02C800EC62CD /* stack.m in Sources */,
				9B8E336822CB41BB00EC62CD /* queue.m in Sources */,
				9B0318DC22A0C4B10089D6D6 /* FirstLook.m in Sources */,
				9B9E2A371E8E07FB002AEE2D /* Lock_NSCondition.m in Sources */,
				9B2E8FF522C0B6A8006B871A /* BitOperation.m in Sources */,
				9B0DD3481EADA72D005A37D6 /* NSSessionDownLoad.m in Sources */,
				9BF9FA231E727FAE000A380D /* DrawCircular.m in Sources */,
				9B4FB2BF1E55AEB600EB99D8 /* CallModel_CallBack.m in Sources */,
				9B8A9F9622FD19E500E51D63 /* stringSearch.m in Sources */,
				9B9E2A381E8E07FB002AEE2D /* Lock_NSConditionLock.m in Sources */,
				9B6E7CE720E0937C00B7B94D /* Aggregate.m in Sources */,
				9B2E900722C35E7E006B871A /* Array.m in Sources */,
				9B9E2A3A1E8E07FB002AEE2D /* Lock_OSSpinLock.m in Sources */,
				9B5B5AD5212154FC001A2C8E /* bitArray.m in Sources */,
			);
			runOnlyForDeploymentPostprocessing = 0;
		};
/* End PBXSourcesBuildPhase section */

/* Begin PBXVariantGroup section */
		9B4C43701E5044DE003087D3 /* Main.storyboard */ = {
			isa = PBXVariantGroup;
			children = (
				9B4C43711E5044DE003087D3 /* Base */,
			);
			name = Main.storyboard;
			sourceTree = "<group>";
		};
		9B4C43751E5044DE003087D3 /* LaunchScreen.storyboard */ = {
			isa = PBXVariantGroup;
			children = (
				9B4C43761E5044DE003087D3 /* Base */,
			);
			name = LaunchScreen.storyboard;
			sourceTree = "<group>";
		};
/* End PBXVariantGroup section */

/* Begin XCBuildConfiguration section */
		9B4C43791E5044DE003087D3 /* Debug */ = {
			isa = XCBuildConfiguration;
			buildSettings = {
				ALWAYS_SEARCH_USER_PATHS = NO;
				CLANG_ANALYZER_NONNULL = YES;
				CLANG_CXX_LANGUAGE_STANDARD = "gnu++0x";
				CLANG_CXX_LIBRARY = "libc++";
				CLANG_ENABLE_MODULES = YES;
				CLANG_ENABLE_OBJC_ARC = YES;
				CLANG_WARN_BOOL_CONVERSION = YES;
				CLANG_WARN_CONSTANT_CONVERSION = YES;
				CLANG_WARN_DIRECT_OBJC_ISA_USAGE = YES_ERROR;
				CLANG_WARN_DOCUMENTATION_COMMENTS = YES;
				CLANG_WARN_EMPTY_BODY = YES;
				CLANG_WARN_ENUM_CONVERSION = YES;
				CLANG_WARN_INFINITE_RECURSION = YES;
				CLANG_WARN_INT_CONVERSION = YES;
				CLANG_WARN_OBJC_ROOT_CLASS = YES_ERROR;
				CLANG_WARN_SUSPICIOUS_MOVES = YES;
				CLANG_WARN_UNREACHABLE_CODE = YES;
				CLANG_WARN__DUPLICATE_METHOD_MATCH = YES;
				"CODE_SIGN_IDENTITY[sdk=iphoneos*]" = "iPhone Developer";
				COPY_PHASE_STRIP = NO;
				DEBUG_INFORMATION_FORMAT = dwarf;
				ENABLE_STRICT_OBJC_MSGSEND = NO;
				ENABLE_TESTABILITY = YES;
				GCC_C_LANGUAGE_STANDARD = gnu99;
				GCC_DYNAMIC_NO_PIC = NO;
				GCC_NO_COMMON_BLOCKS = YES;
				GCC_OPTIMIZATION_LEVEL = 0;
				GCC_PREPROCESSOR_DEFINITIONS = (
					"DEBUG=1",
					"$(inherited)",
				);
				GCC_WARN_64_TO_32_BIT_CONVERSION = YES;
				GCC_WARN_ABOUT_RETURN_TYPE = YES_ERROR;
				GCC_WARN_UNDECLARED_SELECTOR = YES;
				GCC_WARN_UNINITIALIZED_AUTOS = YES_AGGRESSIVE;
				GCC_WARN_UNUSED_FUNCTION = YES;
				GCC_WARN_UNUSED_VARIABLE = YES;
				IPHONEOS_DEPLOYMENT_TARGET = 7.0;
				MTL_ENABLE_DEBUG_INFO = YES;
				ONLY_ACTIVE_ARCH = YES;
				SDKROOT = iphoneos;
				TARGETED_DEVICE_FAMILY = "1,2";
			};
			name = Debug;
		};
		9B4C437A1E5044DE003087D3 /* Release */ = {
			isa = XCBuildConfiguration;
			buildSettings = {
				ALWAYS_SEARCH_USER_PATHS = NO;
				CLANG_ANALYZER_NONNULL = YES;
				CLANG_CXX_LANGUAGE_STANDARD = "gnu++0x";
				CLANG_CXX_LIBRARY = "libc++";
				CLANG_ENABLE_MODULES = YES;
				CLANG_ENABLE_OBJC_ARC = YES;
				CLANG_WARN_BOOL_CONVERSION = YES;
				CLANG_WARN_CONSTANT_CONVERSION = YES;
				CLANG_WARN_DIRECT_OBJC_ISA_USAGE = YES_ERROR;
				CLANG_WARN_DOCUMENTATION_COMMENTS = YES;
				CLANG_WARN_EMPTY_BODY = YES;
				CLANG_WARN_ENUM_CONVERSION = YES;
				CLANG_WARN_INFINITE_RECURSION = YES;
				CLANG_WARN_INT_CONVERSION = YES;
				CLANG_WARN_OBJC_ROOT_CLASS = YES_ERROR;
				CLANG_WARN_SUSPICIOUS_MOVES = YES;
				CLANG_WARN_UNREACHABLE_CODE = YES;
				CLANG_WARN__DUPLICATE_METHOD_MATCH = YES;
				"CODE_SIGN_IDENTITY[sdk=iphoneos*]" = "iPhone Developer";
				COPY_PHASE_STRIP = NO;
				DEBUG_INFORMATION_FORMAT = "dwarf-with-dsym";
				ENABLE_NS_ASSERTIONS = NO;
				ENABLE_STRICT_OBJC_MSGSEND = NO;
				GCC_C_LANGUAGE_STANDARD = gnu99;
				GCC_NO_COMMON_BLOCKS = YES;
				GCC_WARN_64_TO_32_BIT_CONVERSION = YES;
				GCC_WARN_ABOUT_RETURN_TYPE = YES_ERROR;
				GCC_WARN_UNDECLARED_SELECTOR = YES;
				GCC_WARN_UNINITIALIZED_AUTOS = YES_AGGRESSIVE;
				GCC_WARN_UNUSED_FUNCTION = YES;
				GCC_WARN_UNUSED_VARIABLE = YES;
				IPHONEOS_DEPLOYMENT_TARGET = 7.0;
				MTL_ENABLE_DEBUG_INFO = NO;
				SDKROOT = iphoneos;
				TARGETED_DEVICE_FAMILY = "1,2";
				VALIDATE_PRODUCT = YES;
			};
			name = Release;
		};
		9B4C437C1E5044DE003087D3 /* Debug */ = {
			isa = XCBuildConfiguration;
			buildSettings = {
				ASSETCATALOG_COMPILER_APPICON_NAME = AppIcon;
				DEVELOPMENT_TEAM = Y77Y339G4T;
				ENABLE_STRICT_OBJC_MSGSEND = NO;
				INFOPLIST_FILE = Blog/Info.plist;
				IPHONEOS_DEPLOYMENT_TARGET = 8.0;
				LD_RUNPATH_SEARCH_PATHS = "$(inherited) @executable_path/Frameworks";
				MACH_O_TYPE = mh_execute;
				PRODUCT_BUNDLE_IDENTIFIER = com.sdk.Blog;
				PRODUCT_NAME = "$(TARGET_NAME)";
			};
			name = Debug;
		};
		9B4C437D1E5044DE003087D3 /* Release */ = {
			isa = XCBuildConfiguration;
			buildSettings = {
				ASSETCATALOG_COMPILER_APPICON_NAME = AppIcon;
				DEVELOPMENT_TEAM = Y77Y339G4T;
				ENABLE_STRICT_OBJC_MSGSEND = NO;
				INFOPLIST_FILE = Blog/Info.plist;
				IPHONEOS_DEPLOYMENT_TARGET = 8.0;
				LD_RUNPATH_SEARCH_PATHS = "$(inherited) @executable_path/Frameworks";
				MACH_O_TYPE = mh_execute;
				PRODUCT_BUNDLE_IDENTIFIER = com.sdk.Blog;
				PRODUCT_NAME = "$(TARGET_NAME)";
			};
			name = Release;
		};
/* End XCBuildConfiguration section */

/* Begin XCConfigurationList section */
		9B4C435F1E5044DE003087D3 /* Build configuration list for PBXProject "Blog" */ = {
			isa = XCConfigurationList;
			buildConfigurations = (
				9B4C43791E5044DE003087D3 /* Debug */,
				9B4C437A1E5044DE003087D3 /* Release */,
			);
			defaultConfigurationIsVisible = 0;
			defaultConfigurationName = Release;
		};
		9B4C437B1E5044DE003087D3 /* Build configuration list for PBXNativeTarget "Blog" */ = {
			isa = XCConfigurationList;
			buildConfigurations = (
				9B4C437C1E5044DE003087D3 /* Debug */,
				9B4C437D1E5044DE003087D3 /* Release */,
			);
			defaultConfigurationIsVisible = 0;
			defaultConfigurationName = Release;
		};
/* End XCConfigurationList section */
	};
	rootObject = 9B4C435C1E5044DE003087D3 /* Project object */;
}
